
Microsoft Visual Studio Solution File, Format Version 12.00
# Visual Studio 14
VisualStudioVersion = 14.0.25123.0
MinimumVisualStudioVersion = 10.0.40219.1
Project("{FAE04EC0-301F-11D3-BF4B-00C04F79EFBC}") = "AsyncAwaitSample", "AsyncAwaitSample\AsyncAwaitSample.csproj", "{11EA11C4-6D13-4568-BC9A-2A800DBE80E3}"
EndProject
Project("{FAE04EC0-301F-11D3-BF4B-00C04F79EFBC}") = "Demos", "LinqDemos\Demos.csproj", "{01A2B483-D097-4F6A-B23F-5280DED32957}"
EndProject
Global
	GlobalSection(SolutionConfigurationPlatforms) = preSolution
		Debug|Any CPU = Debug|Any CPU
		Release|Any CPU = Release|Any CPU
	EndGlobalSection
	GlobalSection(ProjectConfigurationPlatforms) = postSolution
		{11EA11C4-6D13-4568-BC9A-2A800DBE80E3}.Debug|Any CPU.ActiveCfg = Debug|Any CPU
		{11EA11C4-6D13-4568-BC9A-2A800DBE80E3}.Debug|Any CPU.Build.0 = Debug|Any CPU
		{11EA11C4-6D13-4568-BC9A-2A800DBE80E3}.Release|Any CPU.ActiveCfg = Release|Any CPU
		{11EA11C4-6D13-4568-BC9A-2A800DBE80E3}.Release|Any CPU.Build.0 = Release|Any CPU
		{01A2B483-D097-4F6A-B23F-5280DED32957}.Debug|Any CPU.ActiveCfg = Debug|Any CPU
		{01A2B483-D097-4F6A-B23F-5280DED32957}.Debug|Any CPU.Build.0 = Debug|Any CPU
		{01A2B483-D097-4F6A-B23F-5280DED32957}.Release|Any CPU.ActiveCfg = Release|Any CPU
		{01A2B483-D097-4F6A-B23F-5280DED32957}.Release|Any CPU.Build.0 = Release|Any CPU
	EndGlobalSection
	GlobalSection(SolutionProperties) = preSolution
		HideSolutionNode = FALSE
	EndGlobalSection
EndGlobal
